
Microsoft Visual Studio Solution File, Format Version 12.00
# Visual Studio Version 17
VisualStudioVersion = 17.5.33414.496
MinimumVisualStudioVersion = 10.0.40219.1
Project("{C9674DCB-5085-4A16-B785-4C70DD1589BD}") = "Kramse", "Kramse\Kramse.dtproj", "{B06917AF-6630-4A71-BA3D-9DF0A7B1780F}"
EndProject
Project("{D2ABAB84-BF74-430A-B69E-9DC6D40DDA17}") = "Kramse_MDM", "Kramse_MDM\Kramse_MDM.dwproj", "{430FE1BD-F37D-4020-B782-5AA737817130}"
EndProject
Global
	GlobalSection(SolutionConfigurationPlatforms) = preSolution
		Development|Default = Development|Default
	EndGlobalSection
	GlobalSection(ProjectConfigurationPlatforms) = postSolution
		{B06917AF-6630-4A71-BA3D-9DF0A7B1780F}.Development|Default.ActiveCfg = Development
		{B06917AF-6630-4A71-BA3D-9DF0A7B1780F}.Development|Default.Build.0 = Development
		{430FE1BD-F37D-4020-B782-5AA737817130}.Development|Default.ActiveCfg = Development
		{430FE1BD-F37D-4020-B782-5AA737817130}.Development|Default.Build.0 = Development
		{430FE1BD-F37D-4020-B782-5AA737817130}.Development|Default.Deploy.0 = Development
	EndGlobalSection
	GlobalSection(SolutionProperties) = preSolution
		HideSolutionNode = FALSE
	EndGlobalSection
	GlobalSection(ExtensibilityGlobals) = postSolution
		SolutionGuid = {3E81E592-1014-4C2C-8C0D-083CC0B38176}
	EndGlobalSection
EndGlobal
